// !$*UTF8*$!
{
	archiveVersion = 1;
	classes = {
	};
	objectVersion = 46;
	objects = {

/* Begin PBXBuildFile section */
		0F6E916D839CF55860BA3419 /* Pods_BigBlueTutor.framework in Frameworks */ = {isa = PBXBuildFile; fileRef = 576085F061F5E1B4AB28FB79 /* Pods_BigBlueTutor.framework */; };
		E51EF5B91F50A2BD003C0B67 /* Deepstream+Extensions.swift in Sources */ = {isa = PBXBuildFile; fileRef = E51EF5B71F50A2BD003C0B67 /* Deepstream+Extensions.swift */; };
		E52C1C461F447A9D00C61EB0 /* UIKit.framework in Frameworks */ = {isa = PBXBuildFile; fileRef = E52C1C451F447A9D00C61EB0 /* UIKit.framework */; };
		E52C1C4D1F4482D600C61EB0 /* FriendListViewController.swift in Sources */ = {isa = PBXBuildFile; fileRef = E52C1C4C1F4482D600C61EB0 /* FriendListViewController.swift */; };
		E52C1C4F1F44862400C61EB0 /* HomeViewController.swift in Sources */ = {isa = PBXBuildFile; fileRef = E52C1C4E1F44862400C61EB0 /* HomeViewController.swift */; };
		E52C1C5C1F462D5300C61EB0 /* AudioMeter.swift in Sources */ = {isa = PBXBuildFile; fileRef = E52C1C531F462D5200C61EB0 /* AudioMeter.swift */; };
		E52C1C5D1F462D5300C61EB0 /* BreakoutWebViewController.swift in Sources */ = {isa = PBXBuildFile; fileRef = E52C1C541F462D5200C61EB0 /* BreakoutWebViewController.swift */; };
		E52C1C5E1F462D5300C61EB0 /* Dynamic.swift in Sources */ = {isa = PBXBuildFile; fileRef = E52C1C551F462D5200C61EB0 /* Dynamic.swift */; };
		E52C1C5F1F462D5300C61EB0 /* DynamicVideoView.swift in Sources */ = {isa = PBXBuildFile; fileRef = E52C1C561F462D5200C61EB0 /* DynamicVideoView.swift */; };
		E52C1C601F462D5300C61EB0 /* BigBlueButtonViewController.swift in Sources */ = {isa = PBXBuildFile; fileRef = E52C1C571F462D5200C61EB0 /* BigBlueButtonViewController.swift */; };
		E52C1C611F462D5300C61EB0 /* ScreenShareViewController.swift in Sources */ = {isa = PBXBuildFile; fileRef = E52C1C581F462D5200C61EB0 /* ScreenShareViewController.swift */; };
		E52C1C621F462D5300C61EB0 /* Verto.swift in Sources */ = {isa = PBXBuildFile; fileRef = E52C1C591F462D5200C61EB0 /* Verto.swift */; };
		E52C1C631F462D5300C61EB0 /* VideoViewController.swift in Sources */ = {isa = PBXBuildFile; fileRef = E52C1C5A1F462D5200C61EB0 /* VideoViewController.swift */; };
		E52C1C641F462D5300C61EB0 /* WebRTCVideoView.swift in Sources */ = {isa = PBXBuildFile; fileRef = E52C1C5B1F462D5200C61EB0 /* WebRTCVideoView.swift */; };
		E56D30671F57186C001BE31A /* BrowseViewController.swift in Sources */ = {isa = PBXBuildFile; fileRef = E56D30661F57186C001BE31A /* BrowseViewController.swift */; };
		E5D61D0E1F4394DB0011E2FF /* BigBlueTutorModule.m in Sources */ = {isa = PBXBuildFile; fileRef = E5D61D0D1F4394DA0011E2FF /* BigBlueTutorModule.m */; };
		E5DD574A1F41E1E9005B444C /* AppDelegate.swift in Sources */ = {isa = PBXBuildFile; fileRef = E5DD57491F41E1E9005B444C /* AppDelegate.swift */; };
		E5DD57511F41E1E9005B444C /* Assets.xcassets in Resources */ = {isa = PBXBuildFile; fileRef = E5DD57501F41E1E9005B444C /* Assets.xcassets */; };
		E5DD57541F41E1E9005B444C /* LaunchScreen.storyboard in Resources */ = {isa = PBXBuildFile; fileRef = E5DD57521F41E1E9005B444C /* LaunchScreen.storyboard */; };
		E5DD575F1F41E1EA005B444C /* BigBlueTutorTests.swift in Sources */ = {isa = PBXBuildFile; fileRef = E5DD575E1F41E1EA005B444C /* BigBlueTutorTests.swift */; };
		E5DD576A1F41E1EA005B444C /* BigBlueTutorUITests.swift in Sources */ = {isa = PBXBuildFile; fileRef = E5DD57691F41E1EA005B444C /* BigBlueTutorUITests.swift */; };
		E5DD577A1F41E5CB005B444C /* MainViewController.swift in Sources */ = {isa = PBXBuildFile; fileRef = E5DD57791F41E5CA005B444C /* MainViewController.swift */; };
		E5DD577C1F41EC4F005B444C /* LoginViewController.swift in Sources */ = {isa = PBXBuildFile; fileRef = E5DD577B1F41EC4F005B444C /* LoginViewController.swift */; };
/* End PBXBuildFile section */

/* Begin PBXContainerItemProxy section */
		E5DD575B1F41E1EA005B444C /* PBXContainerItemProxy */ = {
			isa = PBXContainerItemProxy;
			containerPortal = E5DD573E1F41E1E9005B444C /* Project object */;
			proxyType = 1;
			remoteGlobalIDString = E5DD57451F41E1E9005B444C;
			remoteInfo = BigBlueTutor;
		};
		E5DD57661F41E1EA005B444C /* PBXContainerItemProxy */ = {
			isa = PBXContainerItemProxy;
			containerPortal = E5DD573E1F41E1E9005B444C /* Project object */;
			proxyType = 1;
			remoteGlobalIDString = E5DD57451F41E1E9005B444C;
			remoteInfo = BigBlueTutor;
		};
/* End PBXContainerItemProxy section */

/* Begin PBXFileReference section */
		24A21C2F175D539DD7329BA6 /* Pods-BigBlueTutor.debug.xcconfig */ = {isa = PBXFileReference; includeInIndex = 1; lastKnownFileType = text.xcconfig; name = "Pods-BigBlueTutor.debug.xcconfig"; path = "Pods/Target Support Files/Pods-BigBlueTutor/Pods-BigBlueTutor.debug.xcconfig"; sourceTree = "<group>"; };
		576085F061F5E1B4AB28FB79 /* Pods_BigBlueTutor.framework */ = {isa = PBXFileReference; explicitFileType = wrapper.framework; includeInIndex = 0; path = Pods_BigBlueTutor.framework; sourceTree = BUILT_PRODUCTS_DIR; };
		8C491D9C20F1667B374C480E /* Pods-BigBlueTutor.release.xcconfig */ = {isa = PBXFileReference; includeInIndex = 1; lastKnownFileType = text.xcconfig; name = "Pods-BigBlueTutor.release.xcconfig"; path = "Pods/Target Support Files/Pods-BigBlueTutor/Pods-BigBlueTutor.release.xcconfig"; sourceTree = "<group>"; };
		E51EF5B71F50A2BD003C0B67 /* Deepstream+Extensions.swift */ = {isa = PBXFileReference; fileEncoding = 4; lastKnownFileType = sourcecode.swift; name = "Deepstream+Extensions.swift"; path = "swift/Deepstream+Extensions.swift"; sourceTree = "<group>"; };
		E52C1C451F447A9D00C61EB0 /* UIKit.framework */ = {isa = PBXFileReference; lastKnownFileType = wrapper.framework; name = UIKit.framework; path = System/Library/Frameworks/UIKit.framework; sourceTree = SDKROOT; };
		E52C1C4C1F4482D600C61EB0 /* FriendListViewController.swift */ = {isa = PBXFileReference; fileEncoding = 4; lastKnownFileType = sourcecode.swift; path = FriendListViewController.swift; sourceTree = "<group>"; };
		E52C1C4E1F44862400C61EB0 /* HomeViewController.swift */ = {isa = PBXFileReference; fileEncoding = 4; lastKnownFileType = sourcecode.swift; path = HomeViewController.swift; sourceTree = "<group>"; };
		E52C1C531F462D5200C61EB0 /* AudioMeter.swift */ = {isa = PBXFileReference; fileEncoding = 4; lastKnownFileType = sourcecode.swift; name = AudioMeter.swift; path = "bbb-webrtc-ios/AudioMeter.swift"; sourceTree = "<group>"; };
		E52C1C541F462D5200C61EB0 /* BreakoutWebViewController.swift */ = {isa = PBXFileReference; fileEncoding = 4; lastKnownFileType = sourcecode.swift; name = BreakoutWebViewController.swift; path = "bbb-webrtc-ios/BreakoutWebViewController.swift"; sourceTree = "<group>"; };
		E52C1C551F462D5200C61EB0 /* Dynamic.swift */ = {isa = PBXFileReference; fileEncoding = 4; lastKnownFileType = sourcecode.swift; name = Dynamic.swift; path = "bbb-webrtc-ios/Dynamic.swift"; sourceTree = "<group>"; };
		E52C1C561F462D5200C61EB0 /* DynamicVideoView.swift */ = {isa = PBXFileReference; fileEncoding = 4; lastKnownFileType = sourcecode.swift; name = DynamicVideoView.swift; path = "bbb-webrtc-ios/DynamicVideoView.swift"; sourceTree = "<group>"; };
		E52C1C571F462D5200C61EB0 /* BigBlueButtonViewController.swift */ = {isa = PBXFileReference; fileEncoding = 4; lastKnownFileType = sourcecode.swift; name = BigBlueButtonViewController.swift; path = "bbb-webrtc-ios/BigBlueButtonViewController.swift"; sourceTree = "<group>"; };
		E52C1C581F462D5200C61EB0 /* ScreenShareViewController.swift */ = {isa = PBXFileReference; fileEncoding = 4; lastKnownFileType = sourcecode.swift; name = ScreenShareViewController.swift; path = "bbb-webrtc-ios/ScreenShareViewController.swift"; sourceTree = "<group>"; };
		E52C1C591F462D5200C61EB0 /* Verto.swift */ = {isa = PBXFileReference; fileEncoding = 4; lastKnownFileType = sourcecode.swift; name = Verto.swift; path = "bbb-webrtc-ios/Verto.swift"; sourceTree = "<group>"; };
		E52C1C5A1F462D5200C61EB0 /* VideoViewController.swift */ = {isa = PBXFileReference; fileEncoding = 4; lastKnownFileType = sourcecode.swift; name = VideoViewController.swift; path = "bbb-webrtc-ios/VideoViewController.swift"; sourceTree = "<group>"; };
		E52C1C5B1F462D5200C61EB0 /* WebRTCVideoView.swift */ = {isa = PBXFileReference; fileEncoding = 4; lastKnownFileType = sourcecode.swift; name = WebRTCVideoView.swift; path = "bbb-webrtc-ios/WebRTCVideoView.swift"; sourceTree = "<group>"; };
		E56D30661F57186C001BE31A /* BrowseViewController.swift */ = {isa = PBXFileReference; fileEncoding = 4; lastKnownFileType = sourcecode.swift; path = BrowseViewController.swift; sourceTree = "<group>"; };
		E5D61CFC1F43739B0011E2FF /* libRCTAnimation.a */ = {isa = PBXFileReference; lastKnownFileType = archive.ar; name = libRCTAnimation.a; path = "../../../../Library/Developer/Xcode/DerivedData/RCTAnimation-foftlgkdmzblvseisojhzbpmfahz/Build/Products/Debug-appletvsimulator/libRCTAnimation.a"; sourceTree = "<group>"; };
		E5D61D0C1F4394DA0011E2FF /* BigBlueTutor-Bridging-Header.h */ = {isa = PBXFileReference; lastKnownFileType = sourcecode.c.h; path = "BigBlueTutor-Bridging-Header.h"; sourceTree = "<group>"; };
		E5D61D0D1F4394DA0011E2FF /* BigBlueTutorModule.m */ = {isa = PBXFileReference; fileEncoding = 4; lastKnownFileType = sourcecode.c.objc; path = BigBlueTutorModule.m; sourceTree = "<group>"; };
		E5DD57461F41E1E9005B444C /* BigBlueTutor.app */ = {isa = PBXFileReference; explicitFileType = wrapper.application; includeInIndex = 0; path = BigBlueTutor.app; sourceTree = BUILT_PRODUCTS_DIR; };
		E5DD57491F41E1E9005B444C /* AppDelegate.swift */ = {isa = PBXFileReference; lastKnownFileType = sourcecode.swift; path = AppDelegate.swift; sourceTree = "<group>"; };
		E5DD57501F41E1E9005B444C /* Assets.xcassets */ = {isa = PBXFileReference; lastKnownFileType = folder.assetcatalog; path = Assets.xcassets; sourceTree = "<group>"; };
		E5DD57531F41E1E9005B444C /* Base */ = {isa = PBXFileReference; lastKnownFileType = file.storyboard; name = Base; path = Base.lproj/LaunchScreen.storyboard; sourceTree = "<group>"; };
		E5DD57551F41E1E9005B444C /* Info.plist */ = {isa = PBXFileReference; lastKnownFileType = text.plist.xml; path = Info.plist; sourceTree = "<group>"; };
		E5DD575A1F41E1EA005B444C /* BigBlueTutorTests.xctest */ = {isa = PBXFileReference; explicitFileType = wrapper.cfbundle; includeInIndex = 0; path = BigBlueTutorTests.xctest; sourceTree = BUILT_PRODUCTS_DIR; };
		E5DD575E1F41E1EA005B444C /* BigBlueTutorTests.swift */ = {isa = PBXFileReference; lastKnownFileType = sourcecode.swift; path = BigBlueTutorTests.swift; sourceTree = "<group>"; };
		E5DD57601F41E1EA005B444C /* Info.plist */ = {isa = PBXFileReference; lastKnownFileType = text.plist.xml; path = Info.plist; sourceTree = "<group>"; };
		E5DD57651F41E1EA005B444C /* BigBlueTutorUITests.xctest */ = {isa = PBXFileReference; explicitFileType = wrapper.cfbundle; includeInIndex = 0; path = BigBlueTutorUITests.xctest; sourceTree = BUILT_PRODUCTS_DIR; };
		E5DD57691F41E1EA005B444C /* BigBlueTutorUITests.swift */ = {isa = PBXFileReference; lastKnownFileType = sourcecode.swift; path = BigBlueTutorUITests.swift; sourceTree = "<group>"; };
		E5DD576B1F41E1EA005B444C /* Info.plist */ = {isa = PBXFileReference; lastKnownFileType = text.plist.xml; path = Info.plist; sourceTree = "<group>"; };
		E5DD57791F41E5CA005B444C /* MainViewController.swift */ = {isa = PBXFileReference; fileEncoding = 4; lastKnownFileType = sourcecode.swift; path = MainViewController.swift; sourceTree = "<group>"; };
		E5DD577B1F41EC4F005B444C /* LoginViewController.swift */ = {isa = PBXFileReference; fileEncoding = 4; lastKnownFileType = sourcecode.swift; path = LoginViewController.swift; sourceTree = "<group>"; };
/* End PBXFileReference section */

/* Begin PBXFrameworksBuildPhase section */
		E5DD57431F41E1E9005B444C /* Frameworks */ = {
			isa = PBXFrameworksBuildPhase;
			buildActionMask = 2147483647;
			files = (
				E52C1C461F447A9D00C61EB0 /* UIKit.framework in Frameworks */,
				0F6E916D839CF55860BA3419 /* Pods_BigBlueTutor.framework in Frameworks */,
			);
			runOnlyForDeploymentPostprocessing = 0;
		};
		E5DD57571F41E1EA005B444C /* Frameworks */ = {
			isa = PBXFrameworksBuildPhase;
			buildActionMask = 2147483647;
			files = (
			);
			runOnlyForDeploymentPostprocessing = 0;
		};
		E5DD57621F41E1EA005B444C /* Frameworks */ = {
			isa = PBXFrameworksBuildPhase;
			buildActionMask = 2147483647;
			files = (
			);
			runOnlyForDeploymentPostprocessing = 0;
		};
/* End PBXFrameworksBuildPhase section */

/* Begin PBXGroup section */
		428B7239F7E93C2A9E25B458 /* Frameworks */ = {
			isa = PBXGroup;
			children = (
				E52C1C451F447A9D00C61EB0 /* UIKit.framework */,
				E5D61CFC1F43739B0011E2FF /* libRCTAnimation.a */,
				576085F061F5E1B4AB28FB79 /* Pods_BigBlueTutor.framework */,
			);
			name = Frameworks;
			sourceTree = "<group>";
		};
		B03E170FA0F04EA25429AD73 /* Pods */ = {
			isa = PBXGroup;
			children = (
				24A21C2F175D539DD7329BA6 /* Pods-BigBlueTutor.debug.xcconfig */,
				8C491D9C20F1667B374C480E /* Pods-BigBlueTutor.release.xcconfig */,
			);
			name = Pods;
			sourceTree = "<group>";
		};
		E51EF5B81F50A2BD003C0B67 /* Resources */ = {
			isa = PBXGroup;
			children = (
				E51EF5B71F50A2BD003C0B67 /* Deepstream+Extensions.swift */,
			);
			name = Resources;
			path = ../Pods/DeepstreamIO;
			sourceTree = "<group>";
		};
		E52C1C501F462C4500C61EB0 /* BigBlueButton App */ = {
			isa = PBXGroup;
			children = (
				E52C1C531F462D5200C61EB0 /* AudioMeter.swift */,
				E52C1C541F462D5200C61EB0 /* BreakoutWebViewController.swift */,
				E52C1C551F462D5200C61EB0 /* Dynamic.swift */,
				E52C1C561F462D5200C61EB0 /* DynamicVideoView.swift */,
				E52C1C571F462D5200C61EB0 /* BigBlueButtonViewController.swift */,
				E52C1C581F462D5200C61EB0 /* ScreenShareViewController.swift */,
				E52C1C591F462D5200C61EB0 /* Verto.swift */,
				E52C1C5A1F462D5200C61EB0 /* VideoViewController.swift */,
				E52C1C5B1F462D5200C61EB0 /* WebRTCVideoView.swift */,
			);
			name = "BigBlueButton App";
			sourceTree = "<group>";
		};
		E5DD573D1F41E1E9005B444C = {
			isa = PBXGroup;
			children = (
				E5DD57481F41E1E9005B444C /* BigBlueTutor */,
				E5DD575D1F41E1EA005B444C /* BigBlueTutorTests */,
				E5DD57681F41E1EA005B444C /* BigBlueTutorUITests */,
				E5DD57471F41E1E9005B444C /* Products */,
				B03E170FA0F04EA25429AD73 /* Pods */,
				428B7239F7E93C2A9E25B458 /* Frameworks */,
			);
			sourceTree = "<group>";
		};
		E5DD57471F41E1E9005B444C /* Products */ = {
			isa = PBXGroup;
			children = (
				E5DD57461F41E1E9005B444C /* BigBlueTutor.app */,
				E5DD575A1F41E1EA005B444C /* BigBlueTutorTests.xctest */,
				E5DD57651F41E1EA005B444C /* BigBlueTutorUITests.xctest */,
			);
			name = Products;
			sourceTree = "<group>";
		};
		E5DD57481F41E1E9005B444C /* BigBlueTutor */ = {
			isa = PBXGroup;
			children = (
				E5DD57491F41E1E9005B444C /* AppDelegate.swift */,
				E5DD577B1F41EC4F005B444C /* LoginViewController.swift */,
				E5D61D0D1F4394DA0011E2FF /* BigBlueTutorModule.m */,
				E5DD57791F41E5CA005B444C /* MainViewController.swift */,
				E52C1C4E1F44862400C61EB0 /* HomeViewController.swift */,
				E56D30661F57186C001BE31A /* BrowseViewController.swift */,
				E52C1C4C1F4482D600C61EB0 /* FriendListViewController.swift */,
				E51EF5B81F50A2BD003C0B67 /* Resources */,
				E52C1C501F462C4500C61EB0 /* BigBlueButton App */,
				E5DD57501F41E1E9005B444C /* Assets.xcassets */,
				E5DD57521F41E1E9005B444C /* LaunchScreen.storyboard */,
				E5DD57551F41E1E9005B444C /* Info.plist */,
				E5D61D0C1F4394DA0011E2FF /* BigBlueTutor-Bridging-Header.h */,
			);
			path = BigBlueTutor;
			sourceTree = "<group>";
		};
		E5DD575D1F41E1EA005B444C /* BigBlueTutorTests */ = {
			isa = PBXGroup;
			children = (
				E5DD575E1F41E1EA005B444C /* BigBlueTutorTests.swift */,
				E5DD57601F41E1EA005B444C /* Info.plist */,
			);
			path = BigBlueTutorTests;
			sourceTree = "<group>";
		};
		E5DD57681F41E1EA005B444C /* BigBlueTutorUITests */ = {
			isa = PBXGroup;
			children = (
				E5DD57691F41E1EA005B444C /* BigBlueTutorUITests.swift */,
				E5DD576B1F41E1EA005B444C /* Info.plist */,
			);
			path = BigBlueTutorUITests;
			sourceTree = "<group>";
		};
/* End PBXGroup section */

/* Begin PBXNativeTarget section */
		E5DD57451F41E1E9005B444C /* BigBlueTutor */ = {
			isa = PBXNativeTarget;
			buildConfigurationList = E5DD576E1F41E1EA005B444C /* Build configuration list for PBXNativeTarget "BigBlueTutor" */;
			buildPhases = (
				2018BE6826D9582E043CCC87 /* [CP] Check Pods Manifest.lock */,
				E5DD57421F41E1E9005B444C /* Sources */,
				E5DD57431F41E1E9005B444C /* Frameworks */,
				E5DD57441F41E1E9005B444C /* Resources */,
				F90612DE163B92E3FFBCF952 /* [CP] Embed Pods Frameworks */,
				DF8E1697FC442FBC9043ACC8 /* [CP] Copy Pods Resources */,
			);
			buildRules = (
			);
			dependencies = (
			);
			name = BigBlueTutor;
			productName = BigBlueTutor;
			productReference = E5DD57461F41E1E9005B444C /* BigBlueTutor.app */;
			productType = "com.apple.product-type.application";
		};
		E5DD57591F41E1EA005B444C /* BigBlueTutorTests */ = {
			isa = PBXNativeTarget;
			buildConfigurationList = E5DD57711F41E1EA005B444C /* Build configuration list for PBXNativeTarget "BigBlueTutorTests" */;
			buildPhases = (
				E5DD57561F41E1EA005B444C /* Sources */,
				E5DD57571F41E1EA005B444C /* Frameworks */,
				E5DD57581F41E1EA005B444C /* Resources */,
			);
			buildRules = (
			);
			dependencies = (
				E5DD575C1F41E1EA005B444C /* PBXTargetDependency */,
			);
			name = BigBlueTutorTests;
			productName = BigBlueTutorTests;
			productReference = E5DD575A1F41E1EA005B444C /* BigBlueTutorTests.xctest */;
			productType = "com.apple.product-type.bundle.unit-test";
		};
		E5DD57641F41E1EA005B444C /* BigBlueTutorUITests */ = {
			isa = PBXNativeTarget;
			buildConfigurationList = E5DD57741F41E1EA005B444C /* Build configuration list for PBXNativeTarget "BigBlueTutorUITests" */;
			buildPhases = (
				E5DD57611F41E1EA005B444C /* Sources */,
				E5DD57621F41E1EA005B444C /* Frameworks */,
				E5DD57631F41E1EA005B444C /* Resources */,
			);
			buildRules = (
			);
			dependencies = (
				E5DD57671F41E1EA005B444C /* PBXTargetDependency */,
			);
			name = BigBlueTutorUITests;
			productName = BigBlueTutorUITests;
			productReference = E5DD57651F41E1EA005B444C /* BigBlueTutorUITests.xctest */;
			productType = "com.apple.product-type.bundle.ui-testing";
		};
/* End PBXNativeTarget section */

/* Begin PBXProject section */
		E5DD573E1F41E1E9005B444C /* Project object */ = {
			isa = PBXProject;
			attributes = {
				LastSwiftUpdateCheck = 0830;
				LastUpgradeCheck = 0830;
				ORGANIZATIONNAME = "Blindside Networks";
				TargetAttributes = {
					E5DD57451F41E1E9005B444C = {
						CreatedOnToolsVersion = 8.3.3;
						DevelopmentTeam = N69T9W23TC;
						LastSwiftMigration = 0830;
						ProvisioningStyle = Automatic;
					};
					E5DD57591F41E1EA005B444C = {
						CreatedOnToolsVersion = 8.3.3;
						DevelopmentTeam = N69T9W23TC;
						ProvisioningStyle = Automatic;
						TestTargetID = E5DD57451F41E1E9005B444C;
					};
					E5DD57641F41E1EA005B444C = {
						CreatedOnToolsVersion = 8.3.3;
						DevelopmentTeam = N69T9W23TC;
						ProvisioningStyle = Automatic;
						TestTargetID = E5DD57451F41E1E9005B444C;
					};
				};
			};
			buildConfigurationList = E5DD57411F41E1E9005B444C /* Build configuration list for PBXProject "BigBlueTutor" */;
			compatibilityVersion = "Xcode 3.2";
			developmentRegion = English;
			hasScannedForEncodings = 0;
			knownRegions = (
				en,
				Base,
			);
			mainGroup = E5DD573D1F41E1E9005B444C;
			productRefGroup = E5DD57471F41E1E9005B444C /* Products */;
			projectDirPath = "";
			projectRoot = "";
			targets = (
				E5DD57451F41E1E9005B444C /* BigBlueTutor */,
				E5DD57591F41E1EA005B444C /* BigBlueTutorTests */,
				E5DD57641F41E1EA005B444C /* BigBlueTutorUITests */,
			);
		};
/* End PBXProject section */

/* Begin PBXResourcesBuildPhase section */
		E5DD57441F41E1E9005B444C /* Resources */ = {
			isa = PBXResourcesBuildPhase;
			buildActionMask = 2147483647;
			files = (
				E5DD57541F41E1E9005B444C /* LaunchScreen.storyboard in Resources */,
				E5DD57511F41E1E9005B444C /* Assets.xcassets in Resources */,
			);
			runOnlyForDeploymentPostprocessing = 0;
		};
		E5DD57581F41E1EA005B444C /* Resources */ = {
			isa = PBXResourcesBuildPhase;
			buildActionMask = 2147483647;
			files = (
			);
			runOnlyForDeploymentPostprocessing = 0;
		};
		E5DD57631F41E1EA005B444C /* Resources */ = {
			isa = PBXResourcesBuildPhase;
			buildActionMask = 2147483647;
			files = (
			);
			runOnlyForDeploymentPostprocessing = 0;
		};
/* End PBXResourcesBuildPhase section */

/* Begin PBXShellScriptBuildPhase section */
		2018BE6826D9582E043CCC87 /* [CP] Check Pods Manifest.lock */ = {
			isa = PBXShellScriptBuildPhase;
			buildActionMask = 2147483647;
			files = (
			);
			inputPaths = (
			);
			name = "[CP] Check Pods Manifest.lock";
			outputPaths = (
			);
			runOnlyForDeploymentPostprocessing = 0;
			shellPath = /bin/sh;
			shellScript = "diff \"${PODS_PODFILE_DIR_PATH}/Podfile.lock\" \"${PODS_ROOT}/Manifest.lock\" > /dev/null\nif [ $? != 0 ] ; then\n    # print error to STDERR\n    echo \"error: The sandbox is not in sync with the Podfile.lock. Run 'pod install' or update your CocoaPods installation.\" >&2\n    exit 1\nfi\n";
			showEnvVarsInLog = 0;
		};
		DF8E1697FC442FBC9043ACC8 /* [CP] Copy Pods Resources */ = {
			isa = PBXShellScriptBuildPhase;
			buildActionMask = 2147483647;
			files = (
			);
			inputPaths = (
			);
			name = "[CP] Copy Pods Resources";
			outputPaths = (
			);
			runOnlyForDeploymentPostprocessing = 0;
			shellPath = /bin/sh;
			shellScript = "\"${SRCROOT}/Pods/Target Support Files/Pods-BigBlueTutor/Pods-BigBlueTutor-resources.sh\"\n";
			showEnvVarsInLog = 0;
		};
		F90612DE163B92E3FFBCF952 /* [CP] Embed Pods Frameworks */ = {
			isa = PBXShellScriptBuildPhase;
			buildActionMask = 2147483647;
			files = (
			);
			inputPaths = (
			);
			name = "[CP] Embed Pods Frameworks";
			outputPaths = (
			);
			runOnlyForDeploymentPostprocessing = 0;
			shellPath = /bin/sh;
			shellScript = "\"${SRCROOT}/Pods/Target Support Files/Pods-BigBlueTutor/Pods-BigBlueTutor-frameworks.sh\"\n";
			showEnvVarsInLog = 0;
		};
/* End PBXShellScriptBuildPhase section */

/* Begin PBXSourcesBuildPhase section */
		E5DD57421F41E1E9005B444C /* Sources */ = {
			isa = PBXSourcesBuildPhase;
			buildActionMask = 2147483647;
			files = (
				E52C1C5F1F462D5300C61EB0 /* DynamicVideoView.swift in Sources */,
				E52C1C601F462D5300C61EB0 /* BigBlueButtonViewController.swift in Sources */,
				E56D30671F57186C001BE31A /* BrowseViewController.swift in Sources */,
				E52C1C641F462D5300C61EB0 /* WebRTCVideoView.swift in Sources */,
				E5DD577C1F41EC4F005B444C /* LoginViewController.swift in Sources */,
				E5D61D0E1F4394DB0011E2FF /* BigBlueTutorModule.m in Sources */,
				E52C1C5C1F462D5300C61EB0 /* AudioMeter.swift in Sources */,
				E52C1C5E1F462D5300C61EB0 /* Dynamic.swift in Sources */,
				E52C1C4D1F4482D600C61EB0 /* FriendListViewController.swift in Sources */,
				E52C1C5D1F462D5300C61EB0 /* BreakoutWebViewController.swift in Sources */,
				E52C1C631F462D5300C61EB0 /* VideoViewController.swift in Sources */,
				E52C1C611F462D5300C61EB0 /* ScreenShareViewController.swift in Sources */,
				E51EF5B91F50A2BD003C0B67 /* Deepstream+Extensions.swift in Sources */,
				E5DD574A1F41E1E9005B444C /* AppDelegate.swift in Sources */,
				E52C1C621F462D5300C61EB0 /* Verto.swift in Sources */,
				E52C1C4F1F44862400C61EB0 /* HomeViewController.swift in Sources */,
				E5DD577A1F41E5CB005B444C /* MainViewController.swift in Sources */,
			);
			runOnlyForDeploymentPostprocessing = 0;
		};
		E5DD57561F41E1EA005B444C /* Sources */ = {
			isa = PBXSourcesBuildPhase;
			buildActionMask = 2147483647;
			files = (
				E5DD575F1F41E1EA005B444C /* BigBlueTutorTests.swift in Sources */,
			);
			runOnlyForDeploymentPostprocessing = 0;
		};
		E5DD57611F41E1EA005B444C /* Sources */ = {
			isa = PBXSourcesBuildPhase;
			buildActionMask = 2147483647;
			files = (
				E5DD576A1F41E1EA005B444C /* BigBlueTutorUITests.swift in Sources */,
			);
			runOnlyForDeploymentPostprocessing = 0;
		};
/* End PBXSourcesBuildPhase section */

/* Begin PBXTargetDependency section */
		E5DD575C1F41E1EA005B444C /* PBXTargetDependency */ = {
			isa = PBXTargetDependency;
			target = E5DD57451F41E1E9005B444C /* BigBlueTutor */;
			targetProxy = E5DD575B1F41E1EA005B444C /* PBXContainerItemProxy */;
		};
		E5DD57671F41E1EA005B444C /* PBXTargetDependency */ = {
			isa = PBXTargetDependency;
			target = E5DD57451F41E1E9005B444C /* BigBlueTutor */;
			targetProxy = E5DD57661F41E1EA005B444C /* PBXContainerItemProxy */;
		};
/* End PBXTargetDependency section */

/* Begin PBXVariantGroup section */
		E5DD57521F41E1E9005B444C /* LaunchScreen.storyboard */ = {
			isa = PBXVariantGroup;
			children = (
				E5DD57531F41E1E9005B444C /* Base */,
			);
			name = LaunchScreen.storyboard;
			sourceTree = "<group>";
		};
/* End PBXVariantGroup section */

/* Begin XCBuildConfiguration section */
		E5DD576C1F41E1EA005B444C /* Debug */ = {
			isa = XCBuildConfiguration;
			buildSettings = {
				ALWAYS_SEARCH_USER_PATHS = NO;
				CLANG_ANALYZER_NONNULL = YES;
				CLANG_ANALYZER_NUMBER_OBJECT_CONVERSION = YES_AGGRESSIVE;
				CLANG_CXX_LANGUAGE_STANDARD = "gnu++0x";
				CLANG_CXX_LIBRARY = "libc++";
				CLANG_ENABLE_MODULES = YES;
				CLANG_ENABLE_OBJC_ARC = YES;
				CLANG_WARN_BOOL_CONVERSION = YES;
				CLANG_WARN_CONSTANT_CONVERSION = YES;
				CLANG_WARN_DIRECT_OBJC_ISA_USAGE = YES_ERROR;
				CLANG_WARN_DOCUMENTATION_COMMENTS = YES;
				CLANG_WARN_EMPTY_BODY = YES;
				CLANG_WARN_ENUM_CONVERSION = YES;
				CLANG_WARN_INFINITE_RECURSION = YES;
				CLANG_WARN_INT_CONVERSION = YES;
				CLANG_WARN_OBJC_ROOT_CLASS = YES_ERROR;
				CLANG_WARN_SUSPICIOUS_MOVE = YES;
				CLANG_WARN_UNREACHABLE_CODE = YES;
				CLANG_WARN__DUPLICATE_METHOD_MATCH = YES;
				"CODE_SIGN_IDENTITY[sdk=iphoneos*]" = "iPhone Developer";
				COPY_PHASE_STRIP = NO;
				DEBUG_INFORMATION_FORMAT = dwarf;
				ENABLE_BITCODE = NO;
				ENABLE_STRICT_OBJC_MSGSEND = YES;
				ENABLE_TESTABILITY = YES;
				GCC_C_LANGUAGE_STANDARD = gnu99;
				GCC_DYNAMIC_NO_PIC = NO;
				GCC_NO_COMMON_BLOCKS = YES;
				GCC_OPTIMIZATION_LEVEL = 0;
				GCC_PREPROCESSOR_DEFINITIONS = (
					"DEBUG=1",
					"$(inherited)",
				);
				GCC_WARN_64_TO_32_BIT_CONVERSION = YES;
				GCC_WARN_ABOUT_RETURN_TYPE = YES_ERROR;
				GCC_WARN_UNDECLARED_SELECTOR = YES;
				GCC_WARN_UNINITIALIZED_AUTOS = YES_AGGRESSIVE;
				GCC_WARN_UNUSED_FUNCTION = YES;
				GCC_WARN_UNUSED_VARIABLE = YES;
				IPHONEOS_DEPLOYMENT_TARGET = 10.3;
				MTL_ENABLE_DEBUG_INFO = YES;
				ONLY_ACTIVE_ARCH = YES;
				SDKROOT = iphoneos;
				SWIFT_ACTIVE_COMPILATION_CONDITIONS = DEBUG;
				SWIFT_OPTIMIZATION_LEVEL = "-Onone";
				TARGETED_DEVICE_FAMILY = "1,2";
			};
			name = Debug;
		};
		E5DD576D1F41E1EA005B444C /* Release */ = {
			isa = XCBuildConfiguration;
			buildSettings = {
				ALWAYS_SEARCH_USER_PATHS = NO;
				CLANG_ANALYZER_NONNULL = YES;
				CLANG_ANALYZER_NUMBER_OBJECT_CONVERSION = YES_AGGRESSIVE;
				CLANG_CXX_LANGUAGE_STANDARD = "gnu++0x";
				CLANG_CXX_LIBRARY = "libc++";
				CLANG_ENABLE_MODULES = YES;
				CLANG_ENABLE_OBJC_ARC = YES;
				CLANG_WARN_BOOL_CONVERSION = YES;
				CLANG_WARN_CONSTANT_CONVERSION = YES;
				CLANG_WARN_DIRECT_OBJC_ISA_USAGE = YES_ERROR;
				CLANG_WARN_DOCUMENTATION_COMMENTS = YES;
				CLANG_WARN_EMPTY_BODY = YES;
				CLANG_WARN_ENUM_CONVERSION = YES;
				CLANG_WARN_INFINITE_RECURSION = YES;
				CLANG_WARN_INT_CONVERSION = YES;
				CLANG_WARN_OBJC_ROOT_CLASS = YES_ERROR;
				CLANG_WARN_SUSPICIOUS_MOVE = YES;
				CLANG_WARN_UNREACHABLE_CODE = YES;
				CLANG_WARN__DUPLICATE_METHOD_MATCH = YES;
				"CODE_SIGN_IDENTITY[sdk=iphoneos*]" = "iPhone Developer";
				COPY_PHASE_STRIP = NO;
				DEBUG_INFORMATION_FORMAT = "dwarf-with-dsym";
				ENABLE_BITCODE = NO;
				ENABLE_NS_ASSERTIONS = NO;
				ENABLE_STRICT_OBJC_MSGSEND = YES;
				GCC_C_LANGUAGE_STANDARD = gnu99;
				GCC_NO_COMMON_BLOCKS = YES;
				GCC_WARN_64_TO_32_BIT_CONVERSION = YES;
				GCC_WARN_ABOUT_RETURN_TYPE = YES_ERROR;
				GCC_WARN_UNDECLARED_SELECTOR = YES;
				GCC_WARN_UNINITIALIZED_AUTOS = YES_AGGRESSIVE;
				GCC_WARN_UNUSED_FUNCTION = YES;
				GCC_WARN_UNUSED_VARIABLE = YES;
				IPHONEOS_DEPLOYMENT_TARGET = 10.3;
				MTL_ENABLE_DEBUG_INFO = NO;
				ONLY_ACTIVE_ARCH = YES;
				SDKROOT = iphoneos;
				SWIFT_OPTIMIZATION_LEVEL = "-Owholemodule";
				TARGETED_DEVICE_FAMILY = "1,2";
				VALIDATE_PRODUCT = YES;
			};
			name = Release;
		};
		E5DD576F1F41E1EA005B444C /* Debug */ = {
			isa = XCBuildConfiguration;
			baseConfigurationReference = 24A21C2F175D539DD7329BA6 /* Pods-BigBlueTutor.debug.xcconfig */;
			buildSettings = {
				ASSETCATALOG_COMPILER_APPICON_NAME = AppIcon;
				CLANG_ENABLE_MODULES = YES;
				DEVELOPMENT_TEAM = N69T9W23TC;
				INFOPLIST_FILE = BigBlueTutor/Info.plist;
				IPHONEOS_DEPLOYMENT_TARGET = 10.0;
				LD_RUNPATH_SEARCH_PATHS = "$(inherited) @executable_path/Frameworks";
				OTHER_LDFLAGS = (
					"$(inherited)",
					"-framework",
					"\"React\"",
					"-framework",
					"\"yoga\"",
				);
				PRODUCT_BUNDLE_IDENTIFIER = com.blindsidenetworks.BigBlueTutor;
				PRODUCT_NAME = "$(TARGET_NAME)";
				SWIFT_OBJC_BRIDGING_HEADER = "BigBlueTutor/BigBlueTutor-Bridging-Header.h";
				SWIFT_OPTIMIZATION_LEVEL = "-Onone";
				SWIFT_VERSION = 3.0;
				VALID_ARCHS = "armv7 armv7s arm64";
			};
			name = Debug;
		};
		E5DD57701F41E1EA005B444C /* Release */ = {
			isa = XCBuildConfiguration;
			baseConfigurationReference = 8C491D9C20F1667B374C480E /* Pods-BigBlueTutor.release.xcconfig */;
			buildSettings = {
				ASSETCATALOG_COMPILER_APPICON_NAME = AppIcon;
				CLANG_ENABLE_MODULES = YES;
				DEVELOPMENT_TEAM = N69T9W23TC;
				INFOPLIST_FILE = BigBlueTutor/Info.plist;
				IPHONEOS_DEPLOYMENT_TARGET = 10.0;
				LD_RUNPATH_SEARCH_PATHS = "$(inherited) @executable_path/Frameworks";
				OTHER_LDFLAGS = (
					"$(inherited)",
					"-framework",
					"\"React\"",
					"-framework",
					"\"yoga\"",
				);
				PRODUCT_BUNDLE_IDENTIFIER = com.blindsidenetworks.BigBlueTutor;
				PRODUCT_NAME = "$(TARGET_NAME)";
				SWIFT_OBJC_BRIDGING_HEADER = "BigBlueTutor/BigBlueTutor-Bridging-Header.h";
				SWIFT_VERSION = 3.0;
				VALID_ARCHS = "armv7 armv7s arm64";
			};
			name = Release;
		};
		E5DD57721F41E1EA005B444C /* Debug */ = {
			isa = XCBuildConfiguration;
			buildSettings = {
				ALWAYS_EMBED_SWIFT_STANDARD_LIBRARIES = YES;
				BUNDLE_LOADER = "$(TEST_HOST)";
				DEVELOPMENT_TEAM = N69T9W23TC;
				INFOPLIST_FILE = BigBlueTutorTests/Info.plist;
				LD_RUNPATH_SEARCH_PATHS = "$(inherited) @executable_path/Frameworks @loader_path/Frameworks";
				PRODUCT_BUNDLE_IDENTIFIER = com.blindsidenetworks.BigBlueTutorTests;
				PRODUCT_NAME = "$(TARGET_NAME)";
				SWIFT_VERSION = 3.0;
				TEST_HOST = "$(BUILT_PRODUCTS_DIR)/BigBlueTutor.app/BigBlueTutor";
			};
			name = Debug;
		};
		E5DD57731F41E1EA005B444C /* Release */ = {
			isa = XCBuildConfiguration;
			buildSettings = {
				ALWAYS_EMBED_SWIFT_STANDARD_LIBRARIES = YES;
				BUNDLE_LOADER = "$(TEST_HOST)";
				DEVELOPMENT_TEAM = N69T9W23TC;
				INFOPLIST_FILE = BigBlueTutorTests/Info.plist;
				LD_RUNPATH_SEARCH_PATHS = "$(inherited) @executable_path/Frameworks @loader_path/Frameworks";
				PRODUCT_BUNDLE_IDENTIFIER = com.blindsidenetworks.BigBlueTutorTests;
				PRODUCT_NAME = "$(TARGET_NAME)";
				SWIFT_VERSION = 3.0;
				TEST_HOST = "$(BUILT_PRODUCTS_DIR)/BigBlueTutor.app/BigBlueTutor";
			};
			name = Release;
		};
		E5DD57751F41E1EA005B444C /* Debug */ = {
			isa = XCBuildConfiguration;
			buildSettings = {
				ALWAYS_EMBED_SWIFT_STANDARD_LIBRARIES = YES;
				DEVELOPMENT_TEAM = N69T9W23TC;
				INFOPLIST_FILE = BigBlueTutorUITests/Info.plist;
				LD_RUNPATH_SEARCH_PATHS = "$(inherited) @executable_path/Frameworks @loader_path/Frameworks";
				PRODUCT_BUNDLE_IDENTIFIER = com.blindsidenetworks.BigBlueTutorUITests;
				PRODUCT_NAME = "$(TARGET_NAME)";
				SWIFT_VERSION = 3.0;
				TEST_TARGET_NAME = BigBlueTutor;
			};
			name = Debug;
		};
		E5DD57761F41E1EA005B444C /* Release */ = {
			isa = XCBuildConfiguration;
			buildSettings = {
				ALWAYS_EMBED_SWIFT_STANDARD_LIBRARIES = YES;
				DEVELOPMENT_TEAM = N69T9W23TC;
				INFOPLIST_FILE = BigBlueTutorUITests/Info.plist;
				LD_RUNPATH_SEARCH_PATHS = "$(inherited) @executable_path/Frameworks @loader_path/Frameworks";
				PRODUCT_BUNDLE_IDENTIFIER = com.blindsidenetworks.BigBlueTutorUITests;
				PRODUCT_NAME = "$(TARGET_NAME)";
				SWIFT_VERSION = 3.0;
				TEST_TARGET_NAME = BigBlueTutor;
			};
			name = Release;
		};
/* End XCBuildConfiguration section */

/* Begin XCConfigurationList section */
		E5DD57411F41E1E9005B444C /* Build configuration list for PBXProject "BigBlueTutor" */ = {
			isa = XCConfigurationList;
			buildConfigurations = (
				E5DD576C1F41E1EA005B444C /* Debug */,
				E5DD576D1F41E1EA005B444C /* Release */,
			);
			defaultConfigurationIsVisible = 0;
			defaultConfigurationName = Release;
		};
		E5DD576E1F41E1EA005B444C /* Build configuration list for PBXNativeTarget "BigBlueTutor" */ = {
			isa = XCConfigurationList;
			buildConfigurations = (
				E5DD576F1F41E1EA005B444C /* Debug */,
				E5DD57701F41E1EA005B444C /* Release */,
			);
			defaultConfigurationIsVisible = 0;
			defaultConfigurationName = Release;
		};
		E5DD57711F41E1EA005B444C /* Build configuration list for PBXNativeTarget "BigBlueTutorTests" */ = {
			isa = XCConfigurationList;
			buildConfigurations = (
				E5DD57721F41E1EA005B444C /* Debug */,
				E5DD57731F41E1EA005B444C /* Release */,
			);
			defaultConfigurationIsVisible = 0;
			defaultConfigurationName = Release;
		};
		E5DD57741F41E1EA005B444C /* Build configuration list for PBXNativeTarget "BigBlueTutorUITests" */ = {
			isa = XCConfigurationList;
			buildConfigurations = (
				E5DD57751F41E1EA005B444C /* Debug */,
				E5DD57761F41E1EA005B444C /* Release */,
			);
			defaultConfigurationIsVisible = 0;
			defaultConfigurationName = Release;
		};
/* End XCConfigurationList section */
	};
	rootObject = E5DD573E1F41E1E9005B444C /* Project object */;
}
