PODS:
  - DeepstreamIO (2.0.6):
    - Starscream (~> 2.0.3)
  - QMChatViewController (0.4.1.1):
    - QMChatViewController/Categories (= 0.4.1.1)
    - QMChatViewController/Protocols (= 0.4.1.1)
    - QMChatViewController/QMChatDataSource (= 0.4.1.1)
    - QMChatViewController/QMChatLocationSnapshotter (= 0.4.1.1)
    - QMChatViewController/Sections (= 0.4.1.1)
    - QMChatViewController/Utils (= 0.4.1.1)
    - QMChatViewController/Views (= 0.4.1.1)
    - QuickBlox (>= 2.0)
    - SDWebImage (~> 3.6)
    - TTTAttributedLabel (> 1.13)
  - QMChatViewController/Categories (0.4.1.1):
    - QMChatViewController/QMChatLocationSnapshotter
    - QuickBlox (>= 2.0)
    - SDWebImage (~> 3.6)
    - TTTAttributedLabel (> 1.13)
  - QMChatViewController/Protocols (0.4.1.1):
    - QuickBlox (>= 2.0)
    - SDWebImage (~> 3.6)
    - TTTAttributedLabel (> 1.13)
  - QMChatViewController/QMChatDataSource (0.4.1.1):
    - QuickBlox (>= 2.0)
    - SDWebImage (~> 3.6)
    - TTTAttributedLabel (> 1.13)
  - QMChatViewController/QMChatLocationSnapshotter (0.4.1.1):
    - QuickBlox (>= 2.0)
    - SDWebImage (~> 3.6)
    - TTTAttributedLabel (> 1.13)
  - QMChatViewController/Sections (0.4.1.1):
    - QMChatViewController/QMChatDataSource
    - QuickBlox (>= 2.0)
    - SDWebImage (~> 3.6)
    - TTTAttributedLabel (> 1.13)
  - QMChatViewController/Utils (0.4.1.1):
    - QMChatViewController/Categories
    - QuickBlox (>= 2.0)
    - SDWebImage (~> 3.6)
    - TTTAttributedLabel (> 1.13)
  - QMChatViewController/Views (0.4.1.1):
    - QMChatViewController/Categories
    - QMChatViewController/Protocols
    - QMChatViewController/Utils
    - QuickBlox (>= 2.0)
    - SDWebImage (~> 3.6)
    - TTTAttributedLabel (> 1.13)
  - QuickBlox (2.9.2)
  - React/BatchedBridge (0.47.1):
    - React/Core
    - React/cxxreact_legacy
  - React/Core (0.47.1):
    - Yoga (= 0.47.1.React)
  - React/cxxreact_legacy (0.47.1):
    - React/jschelpers_legacy
  - React/jschelpers_legacy (0.47.1)
  - React/RCTAnimation (0.47.1):
    - React/Core
  - React/RCTImage (0.47.1):
    - React/Core
    - React/RCTNetwork
  - React/RCTNetwork (0.47.1):
    - React/Core
  - React/RCTText (0.47.1):
    - React/Core
  - React/RCTWebSocket (0.47.1):
    - React/Core
  - SDWebImage (3.8.2):
    - SDWebImage/Core (= 3.8.2)
  - SDWebImage/Core (3.8.2)
  - Starscream (2.0.4)
  - SwiftyJSON (3.1.4)
  - TTTAttributedLabel (2.0.0)
  - WebRTC (58.17.16937)
  - Yoga (0.47.1.React)

DEPENDENCIES:
  - DeepstreamIO
  - QMChatViewController
  - React/BatchedBridge (from `../node_modules/react-native`)
  - React/Core (from `../node_modules/react-native`)
  - React/RCTAnimation (from `../node_modules/react-native`)
  - React/RCTImage (from `../node_modules/react-native`)
  - React/RCTNetwork (from `../node_modules/react-native`)
  - React/RCTText (from `../node_modules/react-native`)
  - React/RCTWebSocket (from `../node_modules/react-native`)
  - Starscream (~> 2.0.3)
  - SwiftyJSON
  - WebRTC
  - Yoga (from `../node_modules/react-native/ReactCommon/yoga`)

EXTERNAL SOURCES:
  React:
    :path: "../node_modules/react-native"
  Yoga:
    :path: "../node_modules/react-native/ReactCommon/yoga"

SPEC CHECKSUMS:
  DeepstreamIO: c2272511790fe652078009f85656c1528fe2f5a5
  QMChatViewController: eceedc1fda4c34741b77441536765909bf787f5a
  QuickBlox: 67cafa5d7b237db7344c506ca5dc38365180cacb
  React: f705239a901cb3f95445c34468e5b37b6f80a0d4
  SDWebImage: '098e97e6176540799c27e804c96653ee0833d13c'
  Starscream: df5974ee928b157c8eda8af8de7c620276b7dfcc
  SwiftyJSON: c2842d878f95482ffceec5709abc3d05680c0220
  TTTAttributedLabel: 8cffe8e127e4e82ff3af1e5386d4cd0ad000b656
  WebRTC: 1e9a85bf75509eec44be6478c64e9de65ac82332
  Yoga: 13a12502dfabb4c75b914071dcb542af800deed4

PODFILE CHECKSUM: 2718369451c191a0209ac78b85f31347dd70f71d

COCOAPODS: 1.2.1
